// !$*UTF8*$!
{
	archiveVersion = 1;
	classes = {
	};
	objectVersion = 56;
	objects = {

/* Begin PBXBuildFile section */
		A31B74C22AD5B66F00CCEEB0 /* MemoryApp.swift in Sources */ = {isa = PBXBuildFile; fileRef = A31B74C12AD5B66F00CCEEB0 /* MemoryApp.swift */; };
		A31B74C42AD5B66F00CCEEB0 /* ContentView.swift in Sources */ = {isa = PBXBuildFile; fileRef = A31B74C32AD5B66F00CCEEB0 /* ContentView.swift */; };
		A31B74C62AD5B67200CCEEB0 /* Assets.xcassets in Resources */ = {isa = PBXBuildFile; fileRef = A31B74C52AD5B67200CCEEB0 /* Assets.xcassets */; };
		A31B74C92AD5B67200CCEEB0 /* Preview Assets.xcassets in Resources */ = {isa = PBXBuildFile; fileRef = A31B74C82AD5B67200CCEEB0 /* Preview Assets.xcassets */; };
		A31B74D32AD5B67300CCEEB0 /* MemoryTests.swift in Sources */ = {isa = PBXBuildFile; fileRef = A31B74D22AD5B67300CCEEB0 /* MemoryTests.swift */; };
		A31B74DD2AD5B67300CCEEB0 /* MemoryUITests.swift in Sources */ = {isa = PBXBuildFile; fileRef = A31B74DC2AD5B67300CCEEB0 /* MemoryUITests.swift */; };
		A31B74DF2AD5B67300CCEEB0 /* MemoryUITestsLaunchTests.swift in Sources */ = {isa = PBXBuildFile; fileRef = A31B74DE2AD5B67300CCEEB0 /* MemoryUITestsLaunchTests.swift */; };
		A39700CD2AE1A7CD00FC734D /* CardView.swift in Sources */ = {isa = PBXBuildFile; fileRef = A39700CC2AE1A7CD00FC734D /* CardView.swift */; };
/* End PBXBuildFile section */

/* Begin PBXContainerItemProxy section */
		A31B74CF2AD5B67300CCEEB0 /* PBXContainerItemProxy */ = {
			isa = PBXContainerItemProxy;
			containerPortal = A31B74B62AD5B66F00CCEEB0 /* Project object */;
			proxyType = 1;
			remoteGlobalIDString = A31B74BD2AD5B66F00CCEEB0;
			remoteInfo = Memory;
		};
		A31B74D92AD5B67300CCEEB0 /* PBXContainerItemProxy */ = {
			isa = PBXContainerItemProxy;
			containerPortal = A31B74B62AD5B66F00CCEEB0 /* Project object */;
			proxyType = 1;
			remoteGlobalIDString = A31B74BD2AD5B66F00CCEEB0;
			remoteInfo = Memory;
		};
/* End PBXContainerItemProxy section */

/* Begin PBXFileReference section */
		A31B74BE2AD5B66F00CCEEB0 /* Memory.app */ = {isa = PBXFileReference; explicitFileType = wrapper.application; includeInIndex = 0; path = Memory.app; sourceTree = BUILT_PRODUCTS_DIR; };
		A31B74C12AD5B66F00CCEEB0 /* MemoryApp.swift */ = {isa = PBXFileReference; lastKnownFileType = sourcecode.swift; path = MemoryApp.swift; sourceTree = "<group>"; };
		A31B74C32AD5B66F00CCEEB0 /* ContentView.swift */ = {isa = PBXFileReference; lastKnownFileType = sourcecode.swift; path = ContentView.swift; sourceTree = "<group>"; };
		A31B74C52AD5B67200CCEEB0 /* Assets.xcassets */ = {isa = PBXFileReference; lastKnownFileType = folder.assetcatalog; path = Assets.xcassets; sourceTree = "<group>"; };
		A31B74C82AD5B67200CCEEB0 /* Preview Assets.xcassets */ = {isa = PBXFileReference; lastKnownFileType = folder.assetcatalog; path = "Preview Assets.xcassets"; sourceTree = "<group>"; };
		A31B74CE2AD5B67300CCEEB0 /* MemoryTests.xctest */ = {isa = PBXFileReference; explicitFileType = wrapper.cfbundle; includeInIndex = 0; path = MemoryTests.xctest; sourceTree = BUILT_PRODUCTS_DIR; };
		A31B74D22AD5B67300CCEEB0 /* MemoryTests.swift */ = {isa = PBXFileReference; lastKnownFileType = sourcecode.swift; path = MemoryTests.swift; sourceTree = "<group>"; };
		A31B74D82AD5B67300CCEEB0 /* MemoryUITests.xctest */ = {isa = PBXFileReference; explicitFileType = wrapper.cfbundle; includeInIndex = 0; path = MemoryUITests.xctest; sourceTree = BUILT_PRODUCTS_DIR; };
		A31B74DC2AD5B67300CCEEB0 /* MemoryUITests.swift */ = {isa = PBXFileReference; lastKnownFileType = sourcecode.swift; path = MemoryUITests.swift; sourceTree = "<group>"; };
		A31B74DE2AD5B67300CCEEB0 /* MemoryUITestsLaunchTests.swift */ = {isa = PBXFileReference; lastKnownFileType = sourcecode.swift; path = MemoryUITestsLaunchTests.swift; sourceTree = "<group>"; };
		A39700CC2AE1A7CD00FC734D /* CardView.swift */ = {isa = PBXFileReference; lastKnownFileType = sourcecode.swift; path = CardView.swift; sourceTree = "<group>"; };
/* End PBXFileReference section */

/* Begin PBXFrameworksBuildPhase section */
		A31B74BB2AD5B66F00CCEEB0 /* Frameworks */ = {
			isa = PBXFrameworksBuildPhase;
			buildActionMask = 2147483647;
			files = (
			);
			runOnlyForDeploymentPostprocessing = 0;
		};
		A31B74CB2AD5B67300CCEEB0 /* Frameworks */ = {
			isa = PBXFrameworksBuildPhase;
			buildActionMask = 2147483647;
			files = (
			);
			runOnlyForDeploymentPostprocessing = 0;
		};
		A31B74D52AD5B67300CCEEB0 /* Frameworks */ = {
			isa = PBXFrameworksBuildPhase;
			buildActionMask = 2147483647;
			files = (
			);
			runOnlyForDeploymentPostprocessing = 0;
		};
/* End PBXFrameworksBuildPhase section */

/* Begin PBXGroup section */
		A31B74B52AD5B66F00CCEEB0 = {
			isa = PBXGroup;
			children = (
				A31B74C02AD5B66F00CCEEB0 /* Memory */,
				A31B74D12AD5B67300CCEEB0 /* MemoryTests */,
				A31B74DB2AD5B67300CCEEB0 /* MemoryUITests */,
				A31B74BF2AD5B66F00CCEEB0 /* Products */,
			);
			sourceTree = "<group>";
		};
		A31B74BF2AD5B66F00CCEEB0 /* Products */ = {
			isa = PBXGroup;
			children = (
				A31B74BE2AD5B66F00CCEEB0 /* Memory.app */,
				A31B74CE2AD5B67300CCEEB0 /* MemoryTests.xctest */,
				A31B74D82AD5B67300CCEEB0 /* MemoryUITests.xctest */,
			);
			name = Products;
			sourceTree = "<group>";
		};
		A31B74C02AD5B66F00CCEEB0 /* Memory */ = {
			isa = PBXGroup;
			children = (
				A31B74C12AD5B66F00CCEEB0 /* MemoryApp.swift */,
				A31B74C32AD5B66F00CCEEB0 /* ContentView.swift */,
				A31B74C52AD5B67200CCEEB0 /* Assets.xcassets */,
				A31B74C72AD5B67200CCEEB0 /* Preview Content */,
				A39700CC2AE1A7CD00FC734D /* CardView.swift */,
			);
			path = Memory;
			sourceTree = "<group>";
		};
		A31B74C72AD5B67200CCEEB0 /* Preview Content */ = {
			isa = PBXGroup;
			children = (
				A31B74C82AD5B67200CCEEB0 /* Preview Assets.xcassets */,
			);
			path = "Preview Content";
			sourceTree = "<group>";
		};
		A31B74D12AD5B67300CCEEB0 /* MemoryTests */ = {
			isa = PBXGroup;
			children = (
				A31B74D22AD5B67300CCEEB0 /* MemoryTests.swift */,
			);
			path = MemoryTests;
			sourceTree = "<group>";
		};
		A31B74DB2AD5B67300CCEEB0 /* MemoryUITests */ = {
			isa = PBXGroup;
			children = (
				A31B74DC2AD5B67300CCEEB0 /* MemoryUITests.swift */,
				A31B74DE2AD5B67300CCEEB0 /* MemoryUITestsLaunchTests.swift */,
			);
			path = MemoryUITests;
			sourceTree = "<group>";
		};
/* End PBXGroup section */

/* Begin PBXNativeTarget section */
		A31B74BD2AD5B66F00CCEEB0 /* Memory */ = {
			isa = PBXNativeTarget;
			buildConfigurationList = A31B74E22AD5B67300CCEEB0 /* Build configuration list for PBXNativeTarget "Memory" */;
			buildPhases = (
				A31B74BA2AD5B66F00CCEEB0 /* Sources */,
				A31B74BB2AD5B66F00CCEEB0 /* Frameworks */,
				A31B74BC2AD5B66F00CCEEB0 /* Resources */,
			);
			buildRules = (
			);
			dependencies = (
			);
			name = Memory;
			productName = Memory;
			productReference = A31B74BE2AD5B66F00CCEEB0 /* Memory.app */;
			productType = "com.apple.product-type.application";
		};
		A31B74CD2AD5B67300CCEEB0 /* MemoryTests */ = {
			isa = PBXNativeTarget;
			buildConfigurationList = A31B74E52AD5B67300CCEEB0 /* Build configuration list for PBXNativeTarget "MemoryTests" */;
			buildPhases = (
				A31B74CA2AD5B67300CCEEB0 /* Sources */,
				A31B74CB2AD5B67300CCEEB0 /* Frameworks */,
				A31B74CC2AD5B67300CCEEB0 /* Resources */,
			);
			buildRules = (
			);
			dependencies = (
				A31B74D02AD5B67300CCEEB0 /* PBXTargetDependency */,
			);
			name = MemoryTests;
			productName = MemoryTests;
			productReference = A31B74CE2AD5B67300CCEEB0 /* MemoryTests.xctest */;
			productType = "com.apple.product-type.bundle.unit-test";
		};
		A31B74D72AD5B67300CCEEB0 /* MemoryUITests */ = {
			isa = PBXNativeTarget;
			buildConfigurationList = A31B74E82AD5B67300CCEEB0 /* Build configuration list for PBXNativeTarget "MemoryUITests" */;
			buildPhases = (
				A31B74D42AD5B67300CCEEB0 /* Sources */,
				A31B74D52AD5B67300CCEEB0 /* Frameworks */,
				A31B74D62AD5B67300CCEEB0 /* Resources */,
			);
			buildRules = (
			);
			dependencies = (
				A31B74DA2AD5B67300CCEEB0 /* PBXTargetDependency */,
			);
			name = MemoryUITests;
			productName = MemoryUITests;
			productReference = A31B74D82AD5B67300CCEEB0 /* MemoryUITests.xctest */;
			productType = "com.apple.product-type.bundle.ui-testing";
		};
/* End PBXNativeTarget section */

/* Begin PBXProject section */
		A31B74B62AD5B66F00CCEEB0 /* Project object */ = {
			isa = PBXProject;
			attributes = {
				BuildIndependentTargetsInParallel = 1;
				LastSwiftUpdateCheck = 1500;
				LastUpgradeCheck = 1500;
				TargetAttributes = {
					A31B74BD2AD5B66F00CCEEB0 = {
						CreatedOnToolsVersion = 15.0;
					};
					A31B74CD2AD5B67300CCEEB0 = {
						CreatedOnToolsVersion = 15.0;
						TestTargetID = A31B74BD2AD5B66F00CCEEB0;
					};
					A31B74D72AD5B67300CCEEB0 = {
						CreatedOnToolsVersion = 15.0;
						TestTargetID = A31B74BD2AD5B66F00CCEEB0;
					};
				};
			};
			buildConfigurationList = A31B74B92AD5B66F00CCEEB0 /* Build configuration list for PBXProject "Memory" */;
			compatibilityVersion = "Xcode 14.0";
			developmentRegion = en;
			hasScannedForEncodings = 0;
			knownRegions = (
				en,
				Base,
			);
			mainGroup = A31B74B52AD5B66F00CCEEB0;
			productRefGroup = A31B74BF2AD5B66F00CCEEB0 /* Products */;
			projectDirPath = "";
			projectRoot = "";
			targets = (
				A31B74BD2AD5B66F00CCEEB0 /* Memory */,
				A31B74CD2AD5B67300CCEEB0 /* MemoryTests */,
				A31B74D72AD5B67300CCEEB0 /* MemoryUITests */,
			);
		};
/* End PBXProject section */

/* Begin PBXResourcesBuildPhase section */
		A31B74BC2AD5B66F00CCEEB0 /* Resources */ = {
			isa = PBXResourcesBuildPhase;
			buildActionMask = 2147483647;
			files = (
				A31B74C92AD5B67200CCEEB0 /* Preview Assets.xcassets in Resources */,
				A31B74C62AD5B67200CCEEB0 /* Assets.xcassets in Resources */,
			);
			runOnlyForDeploymentPostprocessing = 0;
		};
		A31B74CC2AD5B67300CCEEB0 /* Resources */ = {
			isa = PBXResourcesBuildPhase;
			buildActionMask = 2147483647;
			files = (
			);
			runOnlyForDeploymentPostprocessing = 0;
		};
		A31B74D62AD5B67300CCEEB0 /* Resources */ = {
			isa = PBXResourcesBuildPhase;
			buildActionMask = 2147483647;
			files = (
			);
			runOnlyForDeploymentPostprocessing = 0;
		};
/* End PBXResourcesBuildPhase section */

/* Begin PBXSourcesBuildPhase section */
		A31B74BA2AD5B66F00CCEEB0 /* Sources */ = {
			isa = PBXSourcesBuildPhase;
			buildActionMask = 2147483647;
			files = (
				A31B74C42AD5B66F00CCEEB0 /* ContentView.swift in Sources */,
				A39700CD2AE1A7CD00FC734D /* CardView.swift in Sources */,
				A31B74C22AD5B66F00CCEEB0 /* MemoryApp.swift in Sources */,
			);
			runOnlyForDeploymentPostprocessing = 0;
		};
		A31B74CA2AD5B67300CCEEB0 /* Sources */ = {
			isa = PBXSourcesBuildPhase;
			buildActionMask = 2147483647;
			files = (
				A31B74D32AD5B67300CCEEB0 /* MemoryTests.swift in Sources */,
			);
			runOnlyForDeploymentPostprocessing = 0;
		};
		A31B74D42AD5B67300CCEEB0 /* Sources */ = {
			isa = PBXSourcesBuildPhase;
			buildActionMask = 2147483647;
			files = (
				A31B74DD2AD5B67300CCEEB0 /* MemoryUITests.swift in Sources */,
				A31B74DF2AD5B67300CCEEB0 /* MemoryUITestsLaunchTests.swift in Sources */,
			);
			runOnlyForDeploymentPostprocessing = 0;
		};
/* End PBXSourcesBuildPhase section */

/* Begin PBXTargetDependency section */
		A31B74D02AD5B67300CCEEB0 /* PBXTargetDependency */ = {
			isa = PBXTargetDependency;
			target = A31B74BD2AD5B66F00CCEEB0 /* Memory */;
			targetProxy = A31B74CF2AD5B67300CCEEB0 /* PBXContainerItemProxy */;
		};
		A31B74DA2AD5B67300CCEEB0 /* PBXTargetDependency */ = {
			isa = PBXTargetDependency;
			target = A31B74BD2AD5B66F00CCEEB0 /* Memory */;
			targetProxy = A31B74D92AD5B67300CCEEB0 /* PBXContainerItemProxy */;
		};
/* End PBXTargetDependency section */

/* Begin XCBuildConfiguration section */
		A31B74E02AD5B67300CCEEB0 /* Debug */ = {
			isa = XCBuildConfiguration;
			buildSettings = {
				ALWAYS_SEARCH_USER_PATHS = NO;
				ASSETCATALOG_COMPILER_GENERATE_SWIFT_ASSET_SYMBOL_EXTENSIONS = YES;
				CLANG_ANALYZER_NONNULL = YES;
				CLANG_ANALYZER_NUMBER_OBJECT_CONVERSION = YES_AGGRESSIVE;
				CLANG_CXX_LANGUAGE_STANDARD = "gnu++20";
				CLANG_ENABLE_MODULES = YES;
				CLANG_ENABLE_OBJC_ARC = YES;
				CLANG_ENABLE_OBJC_WEAK = YES;
				CLANG_WARN_BLOCK_CAPTURE_AUTORELEASING = YES;
				CLANG_WARN_BOOL_CONVERSION = YES;
				CLANG_WARN_COMMA = YES;
				CLANG_WARN_CONSTANT_CONVERSION = YES;
				CLANG_WARN_DEPRECATED_OBJC_IMPLEMENTATIONS = YES;
				CLANG_WARN_DIRECT_OBJC_ISA_USAGE = YES_ERROR;
				CLANG_WARN_DOCUMENTATION_COMMENTS = YES;
				CLANG_WARN_EMPTY_BODY = YES;
				CLANG_WARN_ENUM_CONVERSION = YES;
				CLANG_WARN_INFINITE_RECURSION = YES;
				CLANG_WARN_INT_CONVERSION = YES;
				CLANG_WARN_NON_LITERAL_NULL_CONVERSION = YES;
				CLANG_WARN_OBJC_IMPLICIT_RETAIN_SELF = YES;
				CLANG_WARN_OBJC_LITERAL_CONVERSION = YES;
				CLANG_WARN_OBJC_ROOT_CLASS = YES_ERROR;
				CLANG_WARN_QUOTED_INCLUDE_IN_FRAMEWORK_HEADER = YES;
				CLANG_WARN_RANGE_LOOP_ANALYSIS = YES;
				CLANG_WARN_STRICT_PROTOTYPES = YES;
				CLANG_WARN_SUSPICIOUS_MOVE = YES;
				CLANG_WARN_UNGUARDED_AVAILABILITY = YES_AGGRESSIVE;
				CLANG_WARN_UNREACHABLE_CODE = YES;
				CLANG_WARN__DUPLICATE_METHOD_MATCH = YES;
				COPY_PHASE_STRIP = NO;
				DEBUG_INFORMATION_FORMAT = dwarf;
				ENABLE_STRICT_OBJC_MSGSEND = YES;
				ENABLE_TESTABILITY = YES;
				ENABLE_USER_SCRIPT_SANDBOXING = YES;
				GCC_C_LANGUAGE_STANDARD = gnu17;
				GCC_DYNAMIC_NO_PIC = NO;
				GCC_NO_COMMON_BLOCKS = YES;
				GCC_OPTIMIZATION_LEVEL = 0;
				GCC_PREPROCESSOR_DEFINITIONS = (
					"DEBUG=1",
					"$(inherited)",
				);
				GCC_WARN_64_TO_32_BIT_CONVERSION = YES;
				GCC_WARN_ABOUT_RETURN_TYPE = YES_ERROR;
				GCC_WARN_UNDECLARED_SELECTOR = YES;
				GCC_WARN_UNINITIALIZED_AUTOS = YES_AGGRESSIVE;
				GCC_WARN_UNUSED_FUNCTION = YES;
				GCC_WARN_UNUSED_VARIABLE = YES;
				IPHONEOS_DEPLOYMENT_TARGET = 17.0;
				LOCALIZATION_PREFERS_STRING_CATALOGS = YES;
				MTL_ENABLE_DEBUG_INFO = INCLUDE_SOURCE;
				MTL_FAST_MATH = YES;
				ONLY_ACTIVE_ARCH = YES;
				SDKROOT = iphoneos;
				SWIFT_ACTIVE_COMPILATION_CONDITIONS = "DEBUG $(inherited)";
				SWIFT_OPTIMIZATION_LEVEL = "-Onone";
			};
			name = Debug;
		};
		A31B74E12AD5B67300CCEEB0 /* Release */ = {
			isa = XCBuildConfiguration;
			buildSettings = {
				ALWAYS_SEARCH_USER_PATHS = NO;
				ASSETCATALOG_COMPILER_GENERATE_SWIFT_ASSET_SYMBOL_EXTENSIONS = YES;
				CLANG_ANALYZER_NONNULL = YES;
				CLANG_ANALYZER_NUMBER_OBJECT_CONVERSION = YES_AGGRESSIVE;
				CLANG_CXX_LANGUAGE_STANDARD = "gnu++20";
				CLANG_ENABLE_MODULES = YES;
				CLANG_ENABLE_OBJC_ARC = YES;
				CLANG_ENABLE_OBJC_WEAK = YES;
				CLANG_WARN_BLOCK_CAPTURE_AUTORELEASING = YES;
				CLANG_WARN_BOOL_CONVERSION = YES;
				CLANG_WARN_COMMA = YES;
				CLANG_WARN_CONSTANT_CONVERSION = YES;
				CLANG_WARN_DEPRECATED_OBJC_IMPLEMENTATIONS = YES;
				CLANG_WARN_DIRECT_OBJC_ISA_USAGE = YES_ERROR;
				CLANG_WARN_DOCUMENTATION_COMMENTS = YES;
				CLANG_WARN_EMPTY_BODY = YES;
				CLANG_WARN_ENUM_CONVERSION = YES;
				CLANG_WARN_INFINITE_RECURSION = YES;
				CLANG_WARN_INT_CONVERSION = YES;
				CLANG_WARN_NON_LITERAL_NULL_CONVERSION = YES;
				CLANG_WARN_OBJC_IMPLICIT_RETAIN_SELF = YES;
				CLANG_WARN_OBJC_LITERAL_CONVERSION = YES;
				CLANG_WARN_OBJC_ROOT_CLASS = YES_ERROR;
				CLANG_WARN_QUOTED_INCLUDE_IN_FRAMEWORK_HEADER = YES;
				CLANG_WARN_RANGE_LOOP_ANALYSIS = YES;
				CLANG_WARN_STRICT_PROTOTYPES = YES;
				CLANG_WARN_SUSPICIOUS_MOVE = YES;
				CLANG_WARN_UNGUARDED_AVAILABILITY = YES_AGGRESSIVE;
				CLANG_WARN_UNREACHABLE_CODE = YES;
				CLANG_WARN__DUPLICATE_METHOD_MATCH = YES;
				COPY_PHASE_STRIP = NO;
				DEBUG_INFORMATION_FORMAT = "dwarf-with-dsym";
				ENABLE_NS_ASSERTIONS = NO;
				ENABLE_STRICT_OBJC_MSGSEND = YES;
				ENABLE_USER_SCRIPT_SANDBOXING = YES;
				GCC_C_LANGUAGE_STANDARD = gnu17;
				GCC_NO_COMMON_BLOCKS = YES;
				GCC_WARN_64_TO_32_BIT_CONVERSION = YES;
				GCC_WARN_ABOUT_RETURN_TYPE = YES_ERROR;
				GCC_WARN_UNDECLARED_SELECTOR = YES;
				GCC_WARN_UNINITIALIZED_AUTOS = YES_AGGRESSIVE;
				GCC_WARN_UNUSED_FUNCTION = YES;
				GCC_WARN_UNUSED_VARIABLE = YES;
				IPHONEOS_DEPLOYMENT_TARGET = 17.0;
				LOCALIZATION_PREFERS_STRING_CATALOGS = YES;
				MTL_ENABLE_DEBUG_INFO = NO;
				MTL_FAST_MATH = YES;
				SDKROOT = iphoneos;
				SWIFT_COMPILATION_MODE = wholemodule;
				VALIDATE_PRODUCT = YES;
			};
			name = Release;
		};
		A31B74E32AD5B67300CCEEB0 /* Debug */ = {
			isa = XCBuildConfiguration;
			buildSettings = {
				ASSETCATALOG_COMPILER_APPICON_NAME = AppIcon;
				ASSETCATALOG_COMPILER_GLOBAL_ACCENT_COLOR_NAME = AccentColor;
				CODE_SIGN_STYLE = Automatic;
				CURRENT_PROJECT_VERSION = 1;
				DEVELOPMENT_ASSET_PATHS = "\"Memory/Preview Content\"";
				ENABLE_PREVIEWS = YES;
				GENERATE_INFOPLIST_FILE = YES;
				INFOPLIST_KEY_UIApplicationSceneManifest_Generation = YES;
				INFOPLIST_KEY_UIApplicationSupportsIndirectInputEvents = YES;
				INFOPLIST_KEY_UILaunchScreen_Generation = YES;
				INFOPLIST_KEY_UISupportedInterfaceOrientations_iPad = "UIInterfaceOrientationPortrait UIInterfaceOrientationPortraitUpsideDown UIInterfaceOrientationLandscapeLeft UIInterfaceOrientationLandscapeRight";
				INFOPLIST_KEY_UISupportedInterfaceOrientations_iPhone = "UIInterfaceOrientationPortrait UIInterfaceOrientationLandscapeLeft UIInterfaceOrientationLandscapeRight";
				LD_RUNPATH_SEARCH_PATHS = (
					"$(inherited)",
					"@executable_path/Frameworks",
				);
				MARKETING_VERSION = 1.0;
				PRODUCT_BUNDLE_IDENTIFIER = pollub.Memory;
				PRODUCT_NAME = "$(TARGET_NAME)";
				SWIFT_EMIT_LOC_STRINGS = YES;
				SWIFT_VERSION = 5.0;
				TARGETED_DEVICE_FAMILY = "1,2";
			};
			name = Debug;
		};
		A31B74E42AD5B67300CCEEB0 /* Release */ = {
			isa = XCBuildConfiguration;
			buildSettings = {
				ASSETCATALOG_COMPILER_APPICON_NAME = AppIcon;
				ASSETCATALOG_COMPILER_GLOBAL_ACCENT_COLOR_NAME = AccentColor;
				CODE_SIGN_STYLE = Automatic;
				CURRENT_PROJECT_VERSION = 1;
				DEVELOPMENT_ASSET_PATHS = "\"Memory/Preview Content\"";
				ENABLE_PREVIEWS = YES;
				GENERATE_INFOPLIST_FILE = YES;
				INFOPLIST_KEY_UIApplicationSceneManifest_Generation = YES;
				INFOPLIST_KEY_UIApplicationSupportsIndirectInputEvents = YES;
				INFOPLIST_KEY_UILaunchScreen_Generation = YES;
				INFOPLIST_KEY_UISupportedInterfaceOrientations_iPad = "UIInterfaceOrientationPortrait UIInterfaceOrientationPortraitUpsideDown UIInterfaceOrientationLandscapeLeft UIInterfaceOrientationLandscapeRight";
				INFOPLIST_KEY_UISupportedInterfaceOrientations_iPhone = "UIInterfaceOrientationPortrait UIInterfaceOrientationLandscapeLeft UIInterfaceOrientationLandscapeRight";
				LD_RUNPATH_SEARCH_PATHS = (
					"$(inherited)",
					"@executable_path/Frameworks",
				);
				MARKETING_VERSION = 1.0;
				PRODUCT_BUNDLE_IDENTIFIER = pollub.Memory;
				PRODUCT_NAME = "$(TARGET_NAME)";
				SWIFT_EMIT_LOC_STRINGS = YES;
				SWIFT_VERSION = 5.0;
				TARGETED_DEVICE_FAMILY = "1,2";
			};
			name = Release;
		};
		A31B74E62AD5B67300CCEEB0 /* Debug */ = {
			isa = XCBuildConfiguration;
			buildSettings = {
				ALWAYS_EMBED_SWIFT_STANDARD_LIBRARIES = YES;
				BUNDLE_LOADER = "$(TEST_HOST)";
				CODE_SIGN_STYLE = Automatic;
				CURRENT_PROJECT_VERSION = 1;
				GENERATE_INFOPLIST_FILE = YES;
				IPHONEOS_DEPLOYMENT_TARGET = 17.0;
				MARKETING_VERSION = 1.0;
				PRODUCT_BUNDLE_IDENTIFIER = pollub.MemoryTests;
				PRODUCT_NAME = "$(TARGET_NAME)";
				SWIFT_EMIT_LOC_STRINGS = NO;
				SWIFT_VERSION = 5.0;
				TARGETED_DEVICE_FAMILY = "1,2";
				TEST_HOST = "$(BUILT_PRODUCTS_DIR)/Memory.app/$(BUNDLE_EXECUTABLE_FOLDER_PATH)/Memory";
			};
			name = Debug;
		};
		A31B74E72AD5B67300CCEEB0 /* Release */ = {
			isa = XCBuildConfiguration;
			buildSettings = {
				ALWAYS_EMBED_SWIFT_STANDARD_LIBRARIES = YES;
				BUNDLE_LOADER = "$(TEST_HOST)";
				CODE_SIGN_STYLE = Automatic;
				CURRENT_PROJECT_VERSION = 1;
				GENERATE_INFOPLIST_FILE = YES;
				IPHONEOS_DEPLOYMENT_TARGET = 17.0;
				MARKETING_VERSION = 1.0;
				PRODUCT_BUNDLE_IDENTIFIER = pollub.MemoryTests;
				PRODUCT_NAME = "$(TARGET_NAME)";
				SWIFT_EMIT_LOC_STRINGS = NO;
				SWIFT_VERSION = 5.0;
				TARGETED_DEVICE_FAMILY = "1,2";
				TEST_HOST = "$(BUILT_PRODUCTS_DIR)/Memory.app/$(BUNDLE_EXECUTABLE_FOLDER_PATH)/Memory";
			};
			name = Release;
		};
		A31B74E92AD5B67300CCEEB0 /* Debug */ = {
			isa = XCBuildConfiguration;
			buildSettings = {
				ALWAYS_EMBED_SWIFT_STANDARD_LIBRARIES = YES;
				CODE_SIGN_STYLE = Automatic;
				CURRENT_PROJECT_VERSION = 1;
				GENERATE_INFOPLIST_FILE = YES;
				MARKETING_VERSION = 1.0;
				PRODUCT_BUNDLE_IDENTIFIER = pollub.MemoryUITests;
				PRODUCT_NAME = "$(TARGET_NAME)";
				SWIFT_EMIT_LOC_STRINGS = NO;
				SWIFT_VERSION = 5.0;
				TARGETED_DEVICE_FAMILY = "1,2";
				TEST_TARGET_NAME = Memory;
			};
			name = Debug;
		};
		A31B74EA2AD5B67300CCEEB0 /* Release */ = {
			isa = XCBuildConfiguration;
			buildSettings = {
				ALWAYS_EMBED_SWIFT_STANDARD_LIBRARIES = YES;
				CODE_SIGN_STYLE = Automatic;
				CURRENT_PROJECT_VERSION = 1;
				GENERATE_INFOPLIST_FILE = YES;
				MARKETING_VERSION = 1.0;
				PRODUCT_BUNDLE_IDENTIFIER = pollub.MemoryUITests;
				PRODUCT_NAME = "$(TARGET_NAME)";
				SWIFT_EMIT_LOC_STRINGS = NO;
				SWIFT_VERSION = 5.0;
				TARGETED_DEVICE_FAMILY = "1,2";
				TEST_TARGET_NAME = Memory;
			};
			name = Release;
		};
/* End XCBuildConfiguration section */

/* Begin XCConfigurationList section */
		A31B74B92AD5B66F00CCEEB0 /* Build configuration list for PBXProject "Memory" */ = {
			isa = XCConfigurationList;
			buildConfigurations = (
				A31B74E02AD5B67300CCEEB0 /* Debug */,
				A31B74E12AD5B67300CCEEB0 /* Release */,
			);
			defaultConfigurationIsVisible = 0;
			defaultConfigurationName = Release;
		};
		A31B74E22AD5B67300CCEEB0 /* Build configuration list for PBXNativeTarget "Memory" */ = {
			isa = XCConfigurationList;
			buildConfigurations = (
				A31B74E32AD5B67300CCEEB0 /* Debug */,
				A31B74E42AD5B67300CCEEB0 /* Release */,
			);
			defaultConfigurationIsVisible = 0;
			defaultConfigurationName = Release;
		};
		A31B74E52AD5B67300CCEEB0 /* Build configuration list for PBXNativeTarget "MemoryTests" */ = {
			isa = XCConfigurationList;
			buildConfigurations = (
				A31B74E62AD5B67300CCEEB0 /* Debug */,
				A31B74E72AD5B67300CCEEB0 /* Release */,
			);
			defaultConfigurationIsVisible = 0;
			defaultConfigurationName = Release;
		};
		A31B74E82AD5B67300CCEEB0 /* Build configuration list for PBXNativeTarget "MemoryUITests" */ = {
			isa = XCConfigurationList;
			buildConfigurations = (
				A31B74E92AD5B67300CCEEB0 /* Debug */,
				A31B74EA2AD5B67300CCEEB0 /* Release */,
			);
			defaultConfigurationIsVisible = 0;
			defaultConfigurationName = Release;
		};
/* End XCConfigurationList section */
	};
	rootObject = A31B74B62AD5B66F00CCEEB0 /* Project object */;
}
