// !$*UTF8*$!
{
	archiveVersion = 1;
	classes = {
	};
	objectVersion = 56;
	objects = {

/* Begin PBXBuildFile section */
		A31B74B02AD595D100CCEEB0 /* CButton.swift in Sources */ = {isa = PBXBuildFile; fileRef = A31B74AF2AD595D100CCEEB0 /* CButton.swift */; };
		A31B74B22AD597D500CCEEB0 /* Calculator.swift in Sources */ = {isa = PBXBuildFile; fileRef = A31B74B12AD597D500CCEEB0 /* Calculator.swift */; };
		A31B74B42AD5993100CCEEB0 /* CalculatorTest.swift in Sources */ = {isa = PBXBuildFile; fileRef = A31B74B32AD5993100CCEEB0 /* CalculatorTest.swift */; };
		A373C5292AD49E1400970839 /* test1App.swift in Sources */ = {isa = PBXBuildFile; fileRef = A373C5282AD49E1400970839 /* test1App.swift */; };
		A373C52B2AD49E1400970839 /* ContentView.swift in Sources */ = {isa = PBXBuildFile; fileRef = A373C52A2AD49E1400970839 /* ContentView.swift */; };
		A373C52D2AD49E1700970839 /* Assets.xcassets in Resources */ = {isa = PBXBuildFile; fileRef = A373C52C2AD49E1700970839 /* Assets.xcassets */; };
		A373C5302AD49E1700970839 /* Preview Assets.xcassets in Resources */ = {isa = PBXBuildFile; fileRef = A373C52F2AD49E1700970839 /* Preview Assets.xcassets */; };
		A373C53A2AD49E1700970839 /* test1Tests.swift in Sources */ = {isa = PBXBuildFile; fileRef = A373C5392AD49E1700970839 /* test1Tests.swift */; };
		A373C5442AD49E1700970839 /* test1UITests.swift in Sources */ = {isa = PBXBuildFile; fileRef = A373C5432AD49E1700970839 /* test1UITests.swift */; };
		A373C5462AD49E1700970839 /* test1UITestsLaunchTests.swift in Sources */ = {isa = PBXBuildFile; fileRef = A373C5452AD49E1700970839 /* test1UITestsLaunchTests.swift */; };
/* End PBXBuildFile section */

/* Begin PBXContainerItemProxy section */
		A373C5362AD49E1700970839 /* PBXContainerItemProxy */ = {
			isa = PBXContainerItemProxy;
			containerPortal = A373C51D2AD49E1400970839 /* Project object */;
			proxyType = 1;
			remoteGlobalIDString = A373C5242AD49E1400970839;
			remoteInfo = test1;
		};
		A373C5402AD49E1700970839 /* PBXContainerItemProxy */ = {
			isa = PBXContainerItemProxy;
			containerPortal = A373C51D2AD49E1400970839 /* Project object */;
			proxyType = 1;
			remoteGlobalIDString = A373C5242AD49E1400970839;
			remoteInfo = test1;
		};
/* End PBXContainerItemProxy section */

/* Begin PBXFileReference section */
		A31B74AF2AD595D100CCEEB0 /* CButton.swift */ = {isa = PBXFileReference; lastKnownFileType = sourcecode.swift; path = CButton.swift; sourceTree = "<group>"; };
		A31B74B12AD597D500CCEEB0 /* Calculator.swift */ = {isa = PBXFileReference; lastKnownFileType = sourcecode.swift; path = Calculator.swift; sourceTree = "<group>"; };
		A31B74B32AD5993100CCEEB0 /* CalculatorTest.swift */ = {isa = PBXFileReference; lastKnownFileType = sourcecode.swift; path = CalculatorTest.swift; sourceTree = "<group>"; };
		A373C5252AD49E1400970839 /* test1.app */ = {isa = PBXFileReference; explicitFileType = wrapper.application; includeInIndex = 0; path = test1.app; sourceTree = BUILT_PRODUCTS_DIR; };
		A373C5282AD49E1400970839 /* test1App.swift */ = {isa = PBXFileReference; lastKnownFileType = sourcecode.swift; path = test1App.swift; sourceTree = "<group>"; };
		A373C52A2AD49E1400970839 /* ContentView.swift */ = {isa = PBXFileReference; lastKnownFileType = sourcecode.swift; path = ContentView.swift; sourceTree = "<group>"; };
		A373C52C2AD49E1700970839 /* Assets.xcassets */ = {isa = PBXFileReference; lastKnownFileType = folder.assetcatalog; path = Assets.xcassets; sourceTree = "<group>"; };
		A373C52F2AD49E1700970839 /* Preview Assets.xcassets */ = {isa = PBXFileReference; lastKnownFileType = folder.assetcatalog; path = "Preview Assets.xcassets"; sourceTree = "<group>"; };
		A373C5352AD49E1700970839 /* test1Tests.xctest */ = {isa = PBXFileReference; explicitFileType = wrapper.cfbundle; includeInIndex = 0; path = test1Tests.xctest; sourceTree = BUILT_PRODUCTS_DIR; };
		A373C5392AD49E1700970839 /* test1Tests.swift */ = {isa = PBXFileReference; lastKnownFileType = sourcecode.swift; path = test1Tests.swift; sourceTree = "<group>"; };
		A373C53F2AD49E1700970839 /* test1UITests.xctest */ = {isa = PBXFileReference; explicitFileType = wrapper.cfbundle; includeInIndex = 0; path = test1UITests.xctest; sourceTree = BUILT_PRODUCTS_DIR; };
		A373C5432AD49E1700970839 /* test1UITests.swift */ = {isa = PBXFileReference; lastKnownFileType = sourcecode.swift; path = test1UITests.swift; sourceTree = "<group>"; };
		A373C5452AD49E1700970839 /* test1UITestsLaunchTests.swift */ = {isa = PBXFileReference; lastKnownFileType = sourcecode.swift; path = test1UITestsLaunchTests.swift; sourceTree = "<group>"; };
/* End PBXFileReference section */

/* Begin PBXFrameworksBuildPhase section */
		A373C5222AD49E1400970839 /* Frameworks */ = {
			isa = PBXFrameworksBuildPhase;
			buildActionMask = 2147483647;
			files = (
			);
			runOnlyForDeploymentPostprocessing = 0;
		};
		A373C5322AD49E1700970839 /* Frameworks */ = {
			isa = PBXFrameworksBuildPhase;
			buildActionMask = 2147483647;
			files = (
			);
			runOnlyForDeploymentPostprocessing = 0;
		};
		A373C53C2AD49E1700970839 /* Frameworks */ = {
			isa = PBXFrameworksBuildPhase;
			buildActionMask = 2147483647;
			files = (
			);
			runOnlyForDeploymentPostprocessing = 0;
		};
/* End PBXFrameworksBuildPhase section */

/* Begin PBXGroup section */
		A373C51C2AD49E1400970839 = {
			isa = PBXGroup;
			children = (
				A373C52A2AD49E1400970839 /* ContentView.swift */,
				A31B74B12AD597D500CCEEB0 /* Calculator.swift */,
				A31B74AF2AD595D100CCEEB0 /* CButton.swift */,
				A373C5272AD49E1400970839 /* test1 */,
				A373C5382AD49E1700970839 /* test1Tests */,
				A373C5422AD49E1700970839 /* test1UITests */,
				A373C5262AD49E1400970839 /* Products */,
			);
			sourceTree = "<group>";
		};
		A373C5262AD49E1400970839 /* Products */ = {
			isa = PBXGroup;
			children = (
				A373C5252AD49E1400970839 /* test1.app */,
				A373C5352AD49E1700970839 /* test1Tests.xctest */,
				A373C53F2AD49E1700970839 /* test1UITests.xctest */,
			);
			name = Products;
			sourceTree = "<group>";
		};
		A373C5272AD49E1400970839 /* test1 */ = {
			isa = PBXGroup;
			children = (
				A373C5282AD49E1400970839 /* test1App.swift */,
				A373C52C2AD49E1700970839 /* Assets.xcassets */,
				A373C52E2AD49E1700970839 /* Preview Content */,
			);
			path = test1;
			sourceTree = "<group>";
		};
		A373C52E2AD49E1700970839 /* Preview Content */ = {
			isa = PBXGroup;
			children = (
				A373C52F2AD49E1700970839 /* Preview Assets.xcassets */,
			);
			path = "Preview Content";
			sourceTree = "<group>";
		};
		A373C5382AD49E1700970839 /* test1Tests */ = {
			isa = PBXGroup;
			children = (
				A31B74B32AD5993100CCEEB0 /* CalculatorTest.swift */,
				A373C5392AD49E1700970839 /* test1Tests.swift */,
			);
			path = test1Tests;
			sourceTree = "<group>";
		};
		A373C5422AD49E1700970839 /* test1UITests */ = {
			isa = PBXGroup;
			children = (
				A373C5432AD49E1700970839 /* test1UITests.swift */,
				A373C5452AD49E1700970839 /* test1UITestsLaunchTests.swift */,
			);
			path = test1UITests;
			sourceTree = "<group>";
		};
/* End PBXGroup section */

/* Begin PBXNativeTarget section */
		A373C5242AD49E1400970839 /* test1 */ = {
			isa = PBXNativeTarget;
			buildConfigurationList = A373C5492AD49E1700970839 /* Build configuration list for PBXNativeTarget "test1" */;
			buildPhases = (
				A373C5212AD49E1400970839 /* Sources */,
				A373C5222AD49E1400970839 /* Frameworks */,
				A373C5232AD49E1400970839 /* Resources */,
			);
			buildRules = (
			);
			dependencies = (
			);
			name = test1;
			productName = test1;
			productReference = A373C5252AD49E1400970839 /* test1.app */;
			productType = "com.apple.product-type.application";
		};
		A373C5342AD49E1700970839 /* test1Tests */ = {
			isa = PBXNativeTarget;
			buildConfigurationList = A373C54C2AD49E1700970839 /* Build configuration list for PBXNativeTarget "test1Tests" */;
			buildPhases = (
				A373C5312AD49E1700970839 /* Sources */,
				A373C5322AD49E1700970839 /* Frameworks */,
				A373C5332AD49E1700970839 /* Resources */,
			);
			buildRules = (
			);
			dependencies = (
				A373C5372AD49E1700970839 /* PBXTargetDependency */,
			);
			name = test1Tests;
			productName = test1Tests;
			productReference = A373C5352AD49E1700970839 /* test1Tests.xctest */;
			productType = "com.apple.product-type.bundle.unit-test";
		};
		A373C53E2AD49E1700970839 /* test1UITests */ = {
			isa = PBXNativeTarget;
			buildConfigurationList = A373C54F2AD49E1700970839 /* Build configuration list for PBXNativeTarget "test1UITests" */;
			buildPhases = (
				A373C53B2AD49E1700970839 /* Sources */,
				A373C53C2AD49E1700970839 /* Frameworks */,
				A373C53D2AD49E1700970839 /* Resources */,
			);
			buildRules = (
			);
			dependencies = (
				A373C5412AD49E1700970839 /* PBXTargetDependency */,
			);
			name = test1UITests;
			productName = test1UITests;
			productReference = A373C53F2AD49E1700970839 /* test1UITests.xctest */;
			productType = "com.apple.product-type.bundle.ui-testing";
		};
/* End PBXNativeTarget section */

/* Begin PBXProject section */
		A373C51D2AD49E1400970839 /* Project object */ = {
			isa = PBXProject;
			attributes = {
				BuildIndependentTargetsInParallel = 1;
				LastSwiftUpdateCheck = 1500;
				LastUpgradeCheck = 1500;
				TargetAttributes = {
					A373C5242AD49E1400970839 = {
						CreatedOnToolsVersion = 15.0;
					};
					A373C5342AD49E1700970839 = {
						CreatedOnToolsVersion = 15.0;
						TestTargetID = A373C5242AD49E1400970839;
					};
					A373C53E2AD49E1700970839 = {
						CreatedOnToolsVersion = 15.0;
						TestTargetID = A373C5242AD49E1400970839;
					};
				};
			};
			buildConfigurationList = A373C5202AD49E1400970839 /* Build configuration list for PBXProject "test1" */;
			compatibilityVersion = "Xcode 14.0";
			developmentRegion = en;
			hasScannedForEncodings = 0;
			knownRegions = (
				en,
				Base,
			);
			mainGroup = A373C51C2AD49E1400970839;
			productRefGroup = A373C5262AD49E1400970839 /* Products */;
			projectDirPath = "";
			projectRoot = "";
			targets = (
				A373C5242AD49E1400970839 /* test1 */,
				A373C5342AD49E1700970839 /* test1Tests */,
				A373C53E2AD49E1700970839 /* test1UITests */,
			);
		};
/* End PBXProject section */

/* Begin PBXResourcesBuildPhase section */
		A373C5232AD49E1400970839 /* Resources */ = {
			isa = PBXResourcesBuildPhase;
			buildActionMask = 2147483647;
			files = (
				A373C5302AD49E1700970839 /* Preview Assets.xcassets in Resources */,
				A373C52D2AD49E1700970839 /* Assets.xcassets in Resources */,
			);
			runOnlyForDeploymentPostprocessing = 0;
		};
		A373C5332AD49E1700970839 /* Resources */ = {
			isa = PBXResourcesBuildPhase;
			buildActionMask = 2147483647;
			files = (
			);
			runOnlyForDeploymentPostprocessing = 0;
		};
		A373C53D2AD49E1700970839 /* Resources */ = {
			isa = PBXResourcesBuildPhase;
			buildActionMask = 2147483647;
			files = (
			);
			runOnlyForDeploymentPostprocessing = 0;
		};
/* End PBXResourcesBuildPhase section */

/* Begin PBXSourcesBuildPhase section */
		A373C5212AD49E1400970839 /* Sources */ = {
			isa = PBXSourcesBuildPhase;
			buildActionMask = 2147483647;
			files = (
				A373C52B2AD49E1400970839 /* ContentView.swift in Sources */,
				A31B74B22AD597D500CCEEB0 /* Calculator.swift in Sources */,
				A373C5292AD49E1400970839 /* test1App.swift in Sources */,
				A31B74B02AD595D100CCEEB0 /* CButton.swift in Sources */,
			);
			runOnlyForDeploymentPostprocessing = 0;
		};
		A373C5312AD49E1700970839 /* Sources */ = {
			isa = PBXSourcesBuildPhase;
			buildActionMask = 2147483647;
			files = (
				A373C53A2AD49E1700970839 /* test1Tests.swift in Sources */,
				A31B74B42AD5993100CCEEB0 /* CalculatorTest.swift in Sources */,
			);
			runOnlyForDeploymentPostprocessing = 0;
		};
		A373C53B2AD49E1700970839 /* Sources */ = {
			isa = PBXSourcesBuildPhase;
			buildActionMask = 2147483647;
			files = (
				A373C5462AD49E1700970839 /* test1UITestsLaunchTests.swift in Sources */,
				A373C5442AD49E1700970839 /* test1UITests.swift in Sources */,
			);
			runOnlyForDeploymentPostprocessing = 0;
		};
/* End PBXSourcesBuildPhase section */

/* Begin PBXTargetDependency section */
		A373C5372AD49E1700970839 /* PBXTargetDependency */ = {
			isa = PBXTargetDependency;
			target = A373C5242AD49E1400970839 /* test1 */;
			targetProxy = A373C5362AD49E1700970839 /* PBXContainerItemProxy */;
		};
		A373C5412AD49E1700970839 /* PBXTargetDependency */ = {
			isa = PBXTargetDependency;
			target = A373C5242AD49E1400970839 /* test1 */;
			targetProxy = A373C5402AD49E1700970839 /* PBXContainerItemProxy */;
		};
/* End PBXTargetDependency section */

/* Begin XCBuildConfiguration section */
		A373C5472AD49E1700970839 /* Debug */ = {
			isa = XCBuildConfiguration;
			buildSettings = {
				ALWAYS_SEARCH_USER_PATHS = NO;
				ASSETCATALOG_COMPILER_GENERATE_SWIFT_ASSET_SYMBOL_EXTENSIONS = YES;
				CLANG_ANALYZER_NONNULL = YES;
				CLANG_ANALYZER_NUMBER_OBJECT_CONVERSION = YES_AGGRESSIVE;
				CLANG_CXX_LANGUAGE_STANDARD = "gnu++20";
				CLANG_ENABLE_MODULES = YES;
				CLANG_ENABLE_OBJC_ARC = YES;
				CLANG_ENABLE_OBJC_WEAK = YES;
				CLANG_WARN_BLOCK_CAPTURE_AUTORELEASING = YES;
				CLANG_WARN_BOOL_CONVERSION = YES;
				CLANG_WARN_COMMA = YES;
				CLANG_WARN_CONSTANT_CONVERSION = YES;
				CLANG_WARN_DEPRECATED_OBJC_IMPLEMENTATIONS = YES;
				CLANG_WARN_DIRECT_OBJC_ISA_USAGE = YES_ERROR;
				CLANG_WARN_DOCUMENTATION_COMMENTS = YES;
				CLANG_WARN_EMPTY_BODY = YES;
				CLANG_WARN_ENUM_CONVERSION = YES;
				CLANG_WARN_INFINITE_RECURSION = YES;
				CLANG_WARN_INT_CONVERSION = YES;
				CLANG_WARN_NON_LITERAL_NULL_CONVERSION = YES;
				CLANG_WARN_OBJC_IMPLICIT_RETAIN_SELF = YES;
				CLANG_WARN_OBJC_LITERAL_CONVERSION = YES;
				CLANG_WARN_OBJC_ROOT_CLASS = YES_ERROR;
				CLANG_WARN_QUOTED_INCLUDE_IN_FRAMEWORK_HEADER = YES;
				CLANG_WARN_RANGE_LOOP_ANALYSIS = YES;
				CLANG_WARN_STRICT_PROTOTYPES = YES;
				CLANG_WARN_SUSPICIOUS_MOVE = YES;
				CLANG_WARN_UNGUARDED_AVAILABILITY = YES_AGGRESSIVE;
				CLANG_WARN_UNREACHABLE_CODE = YES;
				CLANG_WARN__DUPLICATE_METHOD_MATCH = YES;
				COPY_PHASE_STRIP = NO;
				DEBUG_INFORMATION_FORMAT = dwarf;
				ENABLE_STRICT_OBJC_MSGSEND = YES;
				ENABLE_TESTABILITY = YES;
				ENABLE_USER_SCRIPT_SANDBOXING = YES;
				GCC_C_LANGUAGE_STANDARD = gnu17;
				GCC_DYNAMIC_NO_PIC = NO;
				GCC_NO_COMMON_BLOCKS = YES;
				GCC_OPTIMIZATION_LEVEL = 0;
				GCC_PREPROCESSOR_DEFINITIONS = (
					"DEBUG=1",
					"$(inherited)",
				);
				GCC_WARN_64_TO_32_BIT_CONVERSION = YES;
				GCC_WARN_ABOUT_RETURN_TYPE = YES_ERROR;
				GCC_WARN_UNDECLARED_SELECTOR = YES;
				GCC_WARN_UNINITIALIZED_AUTOS = YES_AGGRESSIVE;
				GCC_WARN_UNUSED_FUNCTION = YES;
				GCC_WARN_UNUSED_VARIABLE = YES;
				IPHONEOS_DEPLOYMENT_TARGET = 17.0;
				LOCALIZATION_PREFERS_STRING_CATALOGS = YES;
				MTL_ENABLE_DEBUG_INFO = INCLUDE_SOURCE;
				MTL_FAST_MATH = YES;
				ONLY_ACTIVE_ARCH = YES;
				SDKROOT = iphoneos;
				SWIFT_ACTIVE_COMPILATION_CONDITIONS = "DEBUG $(inherited)";
				SWIFT_OPTIMIZATION_LEVEL = "-Onone";
			};
			name = Debug;
		};
		A373C5482AD49E1700970839 /* Release */ = {
			isa = XCBuildConfiguration;
			buildSettings = {
				ALWAYS_SEARCH_USER_PATHS = NO;
				ASSETCATALOG_COMPILER_GENERATE_SWIFT_ASSET_SYMBOL_EXTENSIONS = YES;
				CLANG_ANALYZER_NONNULL = YES;
				CLANG_ANALYZER_NUMBER_OBJECT_CONVERSION = YES_AGGRESSIVE;
				CLANG_CXX_LANGUAGE_STANDARD = "gnu++20";
				CLANG_ENABLE_MODULES = YES;
				CLANG_ENABLE_OBJC_ARC = YES;
				CLANG_ENABLE_OBJC_WEAK = YES;
				CLANG_WARN_BLOCK_CAPTURE_AUTORELEASING = YES;
				CLANG_WARN_BOOL_CONVERSION = YES;
				CLANG_WARN_COMMA = YES;
				CLANG_WARN_CONSTANT_CONVERSION = YES;
				CLANG_WARN_DEPRECATED_OBJC_IMPLEMENTATIONS = YES;
				CLANG_WARN_DIRECT_OBJC_ISA_USAGE = YES_ERROR;
				CLANG_WARN_DOCUMENTATION_COMMENTS = YES;
				CLANG_WARN_EMPTY_BODY = YES;
				CLANG_WARN_ENUM_CONVERSION = YES;
				CLANG_WARN_INFINITE_RECURSION = YES;
				CLANG_WARN_INT_CONVERSION = YES;
				CLANG_WARN_NON_LITERAL_NULL_CONVERSION = YES;
				CLANG_WARN_OBJC_IMPLICIT_RETAIN_SELF = YES;
				CLANG_WARN_OBJC_LITERAL_CONVERSION = YES;
				CLANG_WARN_OBJC_ROOT_CLASS = YES_ERROR;
				CLANG_WARN_QUOTED_INCLUDE_IN_FRAMEWORK_HEADER = YES;
				CLANG_WARN_RANGE_LOOP_ANALYSIS = YES;
				CLANG_WARN_STRICT_PROTOTYPES = YES;
				CLANG_WARN_SUSPICIOUS_MOVE = YES;
				CLANG_WARN_UNGUARDED_AVAILABILITY = YES_AGGRESSIVE;
				CLANG_WARN_UNREACHABLE_CODE = YES;
				CLANG_WARN__DUPLICATE_METHOD_MATCH = YES;
				COPY_PHASE_STRIP = NO;
				DEBUG_INFORMATION_FORMAT = "dwarf-with-dsym";
				ENABLE_NS_ASSERTIONS = NO;
				ENABLE_STRICT_OBJC_MSGSEND = YES;
				ENABLE_USER_SCRIPT_SANDBOXING = YES;
				GCC_C_LANGUAGE_STANDARD = gnu17;
				GCC_NO_COMMON_BLOCKS = YES;
				GCC_WARN_64_TO_32_BIT_CONVERSION = YES;
				GCC_WARN_ABOUT_RETURN_TYPE = YES_ERROR;
				GCC_WARN_UNDECLARED_SELECTOR = YES;
				GCC_WARN_UNINITIALIZED_AUTOS = YES_AGGRESSIVE;
				GCC_WARN_UNUSED_FUNCTION = YES;
				GCC_WARN_UNUSED_VARIABLE = YES;
				IPHONEOS_DEPLOYMENT_TARGET = 17.0;
				LOCALIZATION_PREFERS_STRING_CATALOGS = YES;
				MTL_ENABLE_DEBUG_INFO = NO;
				MTL_FAST_MATH = YES;
				SDKROOT = iphoneos;
				SWIFT_COMPILATION_MODE = wholemodule;
				VALIDATE_PRODUCT = YES;
			};
			name = Release;
		};
		A373C54A2AD49E1700970839 /* Debug */ = {
			isa = XCBuildConfiguration;
			buildSettings = {
				ASSETCATALOG_COMPILER_APPICON_NAME = AppIcon;
				ASSETCATALOG_COMPILER_GLOBAL_ACCENT_COLOR_NAME = AccentColor;
				CODE_SIGN_STYLE = Automatic;
				CURRENT_PROJECT_VERSION = 1;
				DEVELOPMENT_ASSET_PATHS = "\"test1/Preview Content\"";
				ENABLE_PREVIEWS = YES;
				GENERATE_INFOPLIST_FILE = YES;
				INFOPLIST_KEY_UIApplicationSceneManifest_Generation = YES;
				INFOPLIST_KEY_UIApplicationSupportsIndirectInputEvents = YES;
				INFOPLIST_KEY_UILaunchScreen_Generation = YES;
				INFOPLIST_KEY_UISupportedInterfaceOrientations_iPad = "UIInterfaceOrientationPortrait UIInterfaceOrientationPortraitUpsideDown UIInterfaceOrientationLandscapeLeft UIInterfaceOrientationLandscapeRight";
				INFOPLIST_KEY_UISupportedInterfaceOrientations_iPhone = "UIInterfaceOrientationPortrait UIInterfaceOrientationLandscapeLeft UIInterfaceOrientationLandscapeRight";
				LD_RUNPATH_SEARCH_PATHS = (
					"$(inherited)",
					"@executable_path/Frameworks",
				);
				MARKETING_VERSION = 1.0;
				PRODUCT_BUNDLE_IDENTIFIER = pollub.test1;
				PRODUCT_NAME = "$(TARGET_NAME)";
				SWIFT_EMIT_LOC_STRINGS = YES;
				SWIFT_VERSION = 5.0;
				TARGETED_DEVICE_FAMILY = "1,2";
			};
			name = Debug;
		};
		A373C54B2AD49E1700970839 /* Release */ = {
			isa = XCBuildConfiguration;
			buildSettings = {
				ASSETCATALOG_COMPILER_APPICON_NAME = AppIcon;
				ASSETCATALOG_COMPILER_GLOBAL_ACCENT_COLOR_NAME = AccentColor;
				CODE_SIGN_STYLE = Automatic;
				CURRENT_PROJECT_VERSION = 1;
				DEVELOPMENT_ASSET_PATHS = "\"test1/Preview Content\"";
				ENABLE_PREVIEWS = YES;
				GENERATE_INFOPLIST_FILE = YES;
				INFOPLIST_KEY_UIApplicationSceneManifest_Generation = YES;
				INFOPLIST_KEY_UIApplicationSupportsIndirectInputEvents = YES;
				INFOPLIST_KEY_UILaunchScreen_Generation = YES;
				INFOPLIST_KEY_UISupportedInterfaceOrientations_iPad = "UIInterfaceOrientationPortrait UIInterfaceOrientationPortraitUpsideDown UIInterfaceOrientationLandscapeLeft UIInterfaceOrientationLandscapeRight";
				INFOPLIST_KEY_UISupportedInterfaceOrientations_iPhone = "UIInterfaceOrientationPortrait UIInterfaceOrientationLandscapeLeft UIInterfaceOrientationLandscapeRight";
				LD_RUNPATH_SEARCH_PATHS = (
					"$(inherited)",
					"@executable_path/Frameworks",
				);
				MARKETING_VERSION = 1.0;
				PRODUCT_BUNDLE_IDENTIFIER = pollub.test1;
				PRODUCT_NAME = "$(TARGET_NAME)";
				SWIFT_EMIT_LOC_STRINGS = YES;
				SWIFT_VERSION = 5.0;
				TARGETED_DEVICE_FAMILY = "1,2";
			};
			name = Release;
		};
		A373C54D2AD49E1700970839 /* Debug */ = {
			isa = XCBuildConfiguration;
			buildSettings = {
				ALWAYS_EMBED_SWIFT_STANDARD_LIBRARIES = YES;
				BUNDLE_LOADER = "$(TEST_HOST)";
				CODE_SIGN_STYLE = Automatic;
				CURRENT_PROJECT_VERSION = 1;
				GENERATE_INFOPLIST_FILE = YES;
				IPHONEOS_DEPLOYMENT_TARGET = 17.0;
				MARKETING_VERSION = 1.0;
				PRODUCT_BUNDLE_IDENTIFIER = pollub.test1Tests;
				PRODUCT_NAME = "$(TARGET_NAME)";
				SWIFT_EMIT_LOC_STRINGS = NO;
				SWIFT_VERSION = 5.0;
				TARGETED_DEVICE_FAMILY = "1,2";
				TEST_HOST = "$(BUILT_PRODUCTS_DIR)/test1.app/$(BUNDLE_EXECUTABLE_FOLDER_PATH)/test1";
			};
			name = Debug;
		};
		A373C54E2AD49E1700970839 /* Release */ = {
			isa = XCBuildConfiguration;
			buildSettings = {
				ALWAYS_EMBED_SWIFT_STANDARD_LIBRARIES = YES;
				BUNDLE_LOADER = "$(TEST_HOST)";
				CODE_SIGN_STYLE = Automatic;
				CURRENT_PROJECT_VERSION = 1;
				GENERATE_INFOPLIST_FILE = YES;
				IPHONEOS_DEPLOYMENT_TARGET = 17.0;
				MARKETING_VERSION = 1.0;
				PRODUCT_BUNDLE_IDENTIFIER = pollub.test1Tests;
				PRODUCT_NAME = "$(TARGET_NAME)";
				SWIFT_EMIT_LOC_STRINGS = NO;
				SWIFT_VERSION = 5.0;
				TARGETED_DEVICE_FAMILY = "1,2";
				TEST_HOST = "$(BUILT_PRODUCTS_DIR)/test1.app/$(BUNDLE_EXECUTABLE_FOLDER_PATH)/test1";
			};
			name = Release;
		};
		A373C5502AD49E1700970839 /* Debug */ = {
			isa = XCBuildConfiguration;
			buildSettings = {
				ALWAYS_EMBED_SWIFT_STANDARD_LIBRARIES = YES;
				CODE_SIGN_STYLE = Automatic;
				CURRENT_PROJECT_VERSION = 1;
				GENERATE_INFOPLIST_FILE = YES;
				MARKETING_VERSION = 1.0;
				PRODUCT_BUNDLE_IDENTIFIER = pollub.test1UITests;
				PRODUCT_NAME = "$(TARGET_NAME)";
				SWIFT_EMIT_LOC_STRINGS = NO;
				SWIFT_VERSION = 5.0;
				TARGETED_DEVICE_FAMILY = "1,2";
				TEST_TARGET_NAME = test1;
			};
			name = Debug;
		};
		A373C5512AD49E1700970839 /* Release */ = {
			isa = XCBuildConfiguration;
			buildSettings = {
				ALWAYS_EMBED_SWIFT_STANDARD_LIBRARIES = YES;
				CODE_SIGN_STYLE = Automatic;
				CURRENT_PROJECT_VERSION = 1;
				GENERATE_INFOPLIST_FILE = YES;
				MARKETING_VERSION = 1.0;
				PRODUCT_BUNDLE_IDENTIFIER = pollub.test1UITests;
				PRODUCT_NAME = "$(TARGET_NAME)";
				SWIFT_EMIT_LOC_STRINGS = NO;
				SWIFT_VERSION = 5.0;
				TARGETED_DEVICE_FAMILY = "1,2";
				TEST_TARGET_NAME = test1;
			};
			name = Release;
		};
/* End XCBuildConfiguration section */

/* Begin XCConfigurationList section */
		A373C5202AD49E1400970839 /* Build configuration list for PBXProject "test1" */ = {
			isa = XCConfigurationList;
			buildConfigurations = (
				A373C5472AD49E1700970839 /* Debug */,
				A373C5482AD49E1700970839 /* Release */,
			);
			defaultConfigurationIsVisible = 0;
			defaultConfigurationName = Release;
		};
		A373C5492AD49E1700970839 /* Build configuration list for PBXNativeTarget "test1" */ = {
			isa = XCConfigurationList;
			buildConfigurations = (
				A373C54A2AD49E1700970839 /* Debug */,
				A373C54B2AD49E1700970839 /* Release */,
			);
			defaultConfigurationIsVisible = 0;
			defaultConfigurationName = Release;
		};
		A373C54C2AD49E1700970839 /* Build configuration list for PBXNativeTarget "test1Tests" */ = {
			isa = XCConfigurationList;
			buildConfigurations = (
				A373C54D2AD49E1700970839 /* Debug */,
				A373C54E2AD49E1700970839 /* Release */,
			);
			defaultConfigurationIsVisible = 0;
			defaultConfigurationName = Release;
		};
		A373C54F2AD49E1700970839 /* Build configuration list for PBXNativeTarget "test1UITests" */ = {
			isa = XCConfigurationList;
			buildConfigurations = (
				A373C5502AD49E1700970839 /* Debug */,
				A373C5512AD49E1700970839 /* Release */,
			);
			defaultConfigurationIsVisible = 0;
			defaultConfigurationName = Release;
		};
/* End XCConfigurationList section */
	};
	rootObject = A373C51D2AD49E1400970839 /* Project object */;
}
